
Microsoft Visual Studio Solution File, Format Version 12.00
# Visual Studio 15
VisualStudioVersion = 15.0.28307.1000
MinimumVisualStudioVersion = 10.0.40219.1
Project("{FAE04EC0-301F-11D3-BF4B-00C04F79EFBC}") = "App4.Android", "App4\App4.Android\App4.Android.csproj", "{71F2BB5C-266B-4130-93BB-27086E721CBA}"
EndProject
Project("{FAE04EC0-301F-11D3-BF4B-00C04F79EFBC}") = "App4.iOS", "App4\App4.iOS\App4.iOS.csproj", "{D84BDC09-2734-43C9-94B5-52BD00C6113E}"
EndProject
Project("{FAE04EC0-301F-11D3-BF4B-00C04F79EFBC}") = "App4", "App4\App4\App4.csproj", "{91CEDA6D-DB42-422C-AE38-D8A06BA49B1A}"
EndProject
Global
	GlobalSection(SolutionConfigurationPlatforms) = preSolution
		Ad-Hoc|Any CPU = Ad-Hoc|Any CPU
		Ad-Hoc|iPhone = Ad-Hoc|iPhone
		Ad-Hoc|iPhoneSimulator = Ad-Hoc|iPhoneSimulator
		AppStore|Any CPU = AppStore|Any CPU
		AppStore|iPhone = AppStore|iPhone
		AppStore|iPhoneSimulator = AppStore|iPhoneSimulator
		Debug|Any CPU = Debug|Any CPU
		Debug|iPhone = Debug|iPhone
		Debug|iPhoneSimulator = Debug|iPhoneSimulator
		Release|Any CPU = Release|Any CPU
		Release|iPhone = Release|iPhone
		Release|iPhoneSimulator = Release|iPhoneSimulator
	EndGlobalSection
	GlobalSection(ProjectConfigurationPlatforms) = postSolution
		{71F2BB5C-266B-4130-93BB-27086E721CBA}.Ad-Hoc|Any CPU.ActiveCfg = Release|Any CPU
		{71F2BB5C-266B-4130-93BB-27086E721CBA}.Ad-Hoc|Any CPU.Build.0 = Release|Any CPU
		{71F2BB5C-266B-4130-93BB-27086E721CBA}.Ad-Hoc|Any CPU.Deploy.0 = Release|Any CPU
		{71F2BB5C-266B-4130-93BB-27086E721CBA}.Ad-Hoc|iPhone.ActiveCfg = Release|Any CPU
		{71F2BB5C-266B-4130-93BB-27086E721CBA}.Ad-Hoc|iPhone.Build.0 = Release|Any CPU
		{71F2BB5C-266B-4130-93BB-27086E721CBA}.Ad-Hoc|iPhone.Deploy.0 = Release|Any CPU
		{71F2BB5C-266B-4130-93BB-27086E721CBA}.Ad-Hoc|iPhoneSimulator.ActiveCfg = Release|Any CPU
		{71F2BB5C-266B-4130-93BB-27086E721CBA}.Ad-Hoc|iPhoneSimulator.Build.0 = Release|Any CPU
		{71F2BB5C-266B-4130-93BB-27086E721CBA}.Ad-Hoc|iPhoneSimulator.Deploy.0 = Release|Any CPU
		{71F2BB5C-266B-4130-93BB-27086E721CBA}.AppStore|Any CPU.ActiveCfg = Release|Any CPU
		{71F2BB5C-266B-4130-93BB-27086E721CBA}.AppStore|Any CPU.Build.0 = Release|Any CPU
		{71F2BB5C-266B-4130-93BB-27086E721CBA}.AppStore|Any CPU.Deploy.0 = Release|Any CPU
		{71F2BB5C-266B-4130-93BB-27086E721CBA}.AppStore|iPhone.ActiveCfg = Release|Any CPU
		{71F2BB5C-266B-4130-93BB-27086E721CBA}.AppStore|iPhone.Build.0 = Release|Any CPU
		{71F2BB5C-266B-4130-93BB-27086E721CBA}.AppStore|iPhone.Deploy.0 = Release|Any CPU
		{71F2BB5C-266B-4130-93BB-27086E721CBA}.AppStore|iPhoneSimulator.ActiveCfg = Release|Any CPU
		{71F2BB5C-266B-4130-93BB-27086E721CBA}.AppStore|iPhoneSimulator.Build.0 = Release|Any CPU
		{71F2BB5C-266B-4130-93BB-27086E721CBA}.AppStore|iPhoneSimulator.Deploy.0 = Release|Any CPU
		{71F2BB5C-266B-4130-93BB-27086E721CBA}.Debug|Any CPU.ActiveCfg = Debug|Any CPU
		{71F2BB5C-266B-4130-93BB-27086E721CBA}.Debug|Any CPU.Build.0 = Debug|Any CPU
		{71F2BB5C-266B-4130-93BB-27086E721CBA}.Debug|Any CPU.Deploy.0 = Debug|Any CPU
		{71F2BB5C-266B-4130-93BB-27086E721CBA}.Debug|iPhone.ActiveCfg = Debug|Any CPU
		{71F2BB5C-266B-4130-93BB-27086E721CBA}.Debug|iPhone.Build.0 = Debug|Any CPU
		{71F2BB5C-266B-4130-93BB-27086E721CBA}.Debug|iPhone.Deploy.0 = Debug|Any CPU
		{71F2BB5C-266B-4130-93BB-27086E721CBA}.Debug|iPhoneSimulator.ActiveCfg = Debug|Any CPU
		{71F2BB5C-266B-4130-93BB-27086E721CBA}.Debug|iPhoneSimulator.Build.0 = Debug|Any CPU
		{71F2BB5C-266B-4130-93BB-27086E721CBA}.Debug|iPhoneSimulator.Deploy.0 = Debug|Any CPU
		{71F2BB5C-266B-4130-93BB-27086E721CBA}.Release|Any CPU.ActiveCfg = Release|Any CPU
		{71F2BB5C-266B-4130-93BB-27086E721CBA}.Release|Any CPU.Build.0 = Release|Any CPU
		{71F2BB5C-266B-4130-93BB-27086E721CBA}.Release|Any CPU.Deploy.0 = Release|Any CPU
		{71F2BB5C-266B-4130-93BB-27086E721CBA}.Release|iPhone.ActiveCfg = Release|Any CPU
		{71F2BB5C-266B-4130-93BB-27086E721CBA}.Release|iPhone.Build.0 = Release|Any CPU
		{71F2BB5C-266B-4130-93BB-27086E721CBA}.Release|iPhone.Deploy.0 = Release|Any CPU
		{71F2BB5C-266B-4130-93BB-27086E721CBA}.Release|iPhoneSimulator.ActiveCfg = Release|Any CPU
		{71F2BB5C-266B-4130-93BB-27086E721CBA}.Release|iPhoneSimulator.Build.0 = Release|Any CPU
		{71F2BB5C-266B-4130-93BB-27086E721CBA}.Release|iPhoneSimulator.Deploy.0 = Release|Any CPU
		{D84BDC09-2734-43C9-94B5-52BD00C6113E}.Ad-Hoc|Any CPU.ActiveCfg = Ad-Hoc|iPhone
		{D84BDC09-2734-43C9-94B5-52BD00C6113E}.Ad-Hoc|Any CPU.Build.0 = Ad-Hoc|iPhone
		{D84BDC09-2734-43C9-94B5-52BD00C6113E}.Ad-Hoc|Any CPU.Deploy.0 = Ad-Hoc|iPhone
		{D84BDC09-2734-43C9-94B5-52BD00C6113E}.Ad-Hoc|iPhone.ActiveCfg = Ad-Hoc|iPhone
		{D84BDC09-2734-43C9-94B5-52BD00C6113E}.Ad-Hoc|iPhone.Build.0 = Ad-Hoc|iPhone
		{D84BDC09-2734-43C9-94B5-52BD00C6113E}.Ad-Hoc|iPhone.Deploy.0 = Ad-Hoc|iPhone
		{D84BDC09-2734-43C9-94B5-52BD00C6113E}.Ad-Hoc|iPhoneSimulator.ActiveCfg = Ad-Hoc|iPhoneSimulator
		{D84BDC09-2734-43C9-94B5-52BD00C6113E}.Ad-Hoc|iPhoneSimulator.Build.0 = Ad-Hoc|iPhoneSimulator
		{D84BDC09-2734-43C9-94B5-52BD00C6113E}.Ad-Hoc|iPhoneSimulator.Deploy.0 = Ad-Hoc|iPhoneSimulator
		{D84BDC09-2734-43C9-94B5-52BD00C6113E}.AppStore|Any CPU.ActiveCfg = AppStore|iPhone
		{D84BDC09-2734-43C9-94B5-52BD00C6113E}.AppStore|Any CPU.Build.0 = AppStore|iPhone
		{D84BDC09-2734-43C9-94B5-52BD00C6113E}.AppStore|Any CPU.Deploy.0 = AppStore|iPhone
		{D84BDC09-2734-43C9-94B5-52BD00C6113E}.AppStore|iPhone.ActiveCfg = AppStore|iPhone
		{D84BDC09-2734-43C9-94B5-52BD00C6113E}.AppStore|iPhone.Build.0 = AppStore|iPhone
		{D84BDC09-2734-43C9-94B5-52BD00C6113E}.AppStore|iPhone.Deploy.0 = AppStore|iPhone
		{D84BDC09-2734-43C9-94B5-52BD00C6113E}.AppStore|iPhoneSimulator.ActiveCfg = AppStore|iPhoneSimulator
		{D84BDC09-2734-43C9-94B5-52BD00C6113E}.AppStore|iPhoneSimulator.Build.0 = AppStore|iPhoneSimulator
		{D84BDC09-2734-43C9-94B5-52BD00C6113E}.AppStore|iPhoneSimulator.Deploy.0 = AppStore|iPhoneSimulator
		{D84BDC09-2734-43C9-94B5-52BD00C6113E}.Debug|Any CPU.ActiveCfg = Debug|iPhoneSimulator
		{D84BDC09-2734-43C9-94B5-52BD00C6113E}.Debug|Any CPU.Build.0 = Debug|iPhoneSimulator
		{D84BDC09-2734-43C9-94B5-52BD00C6113E}.Debug|Any CPU.Deploy.0 = Debug|iPhoneSimulator
		{D84BDC09-2734-43C9-94B5-52BD00C6113E}.Debug|iPhone.ActiveCfg = Debug|iPhone
		{D84BDC09-2734-43C9-94B5-52BD00C6113E}.Debug|iPhone.Build.0 = Debug|iPhone
		{D84BDC09-2734-43C9-94B5-52BD00C6113E}.Debug|iPhone.Deploy.0 = Debug|iPhone
		{D84BDC09-2734-43C9-94B5-52BD00C6113E}.Debug|iPhoneSimulator.ActiveCfg = Debug|iPhoneSimulator
		{D84BDC09-2734-43C9-94B5-52BD00C6113E}.Debug|iPhoneSimulator.Build.0 = Debug|iPhoneSimulator
		{D84BDC09-2734-43C9-94B5-52BD00C6113E}.Debug|iPhoneSimulator.Deploy.0 = Debug|iPhoneSimulator
		{D84BDC09-2734-43C9-94B5-52BD00C6113E}.Release|Any CPU.ActiveCfg = Release|iPhone
		{D84BDC09-2734-43C9-94B5-52BD00C6113E}.Release|Any CPU.Build.0 = Release|iPhone
		{D84BDC09-2734-43C9-94B5-52BD00C6113E}.Release|Any CPU.Deploy.0 = Release|iPhone
		{D84BDC09-2734-43C9-94B5-52BD00C6113E}.Release|iPhone.ActiveCfg = Release|iPhone
		{D84BDC09-2734-43C9-94B5-52BD00C6113E}.Release|iPhone.Build.0 = Release|iPhone
		{D84BDC09-2734-43C9-94B5-52BD00C6113E}.Release|iPhone.Deploy.0 = Release|iPhone
		{D84BDC09-2734-43C9-94B5-52BD00C6113E}.Release|iPhoneSimulator.ActiveCfg = Release|iPhoneSimulator
		{D84BDC09-2734-43C9-94B5-52BD00C6113E}.Release|iPhoneSimulator.Build.0 = Release|iPhoneSimulator
		{D84BDC09-2734-43C9-94B5-52BD00C6113E}.Release|iPhoneSimulator.Deploy.0 = Release|iPhoneSimulator
		{91CEDA6D-DB42-422C-AE38-D8A06BA49B1A}.Ad-Hoc|Any CPU.ActiveCfg = Debug|Any CPU
		{91CEDA6D-DB42-422C-AE38-D8A06BA49B1A}.Ad-Hoc|Any CPU.Build.0 = Debug|Any CPU
		{91CEDA6D-DB42-422C-AE38-D8A06BA49B1A}.Ad-Hoc|Any CPU.Deploy.0 = Debug|Any CPU
		{91CEDA6D-DB42-422C-AE38-D8A06BA49B1A}.Ad-Hoc|iPhone.ActiveCfg = Debug|Any CPU
		{91CEDA6D-DB42-422C-AE38-D8A06BA49B1A}.Ad-Hoc|iPhone.Build.0 = Debug|Any CPU
		{91CEDA6D-DB42-422C-AE38-D8A06BA49B1A}.Ad-Hoc|iPhone.Deploy.0 = Debug|Any CPU
		{91CEDA6D-DB42-422C-AE38-D8A06BA49B1A}.Ad-Hoc|iPhoneSimulator.ActiveCfg = Debug|Any CPU
		{91CEDA6D-DB42-422C-AE38-D8A06BA49B1A}.Ad-Hoc|iPhoneSimulator.Build.0 = Debug|Any CPU
		{91CEDA6D-DB42-422C-AE38-D8A06BA49B1A}.Ad-Hoc|iPhoneSimulator.Deploy.0 = Debug|Any CPU
		{91CEDA6D-DB42-422C-AE38-D8A06BA49B1A}.AppStore|Any CPU.ActiveCfg = Debug|Any CPU
		{91CEDA6D-DB42-422C-AE38-D8A06BA49B1A}.AppStore|Any CPU.Build.0 = Debug|Any CPU
		{91CEDA6D-DB42-422C-AE38-D8A06BA49B1A}.AppStore|Any CPU.Deploy.0 = Debug|Any CPU
		{91CEDA6D-DB42-422C-AE38-D8A06BA49B1A}.AppStore|iPhone.ActiveCfg = Debug|Any CPU
		{91CEDA6D-DB42-422C-AE38-D8A06BA49B1A}.AppStore|iPhone.Build.0 = Debug|Any CPU
		{91CEDA6D-DB42-422C-AE38-D8A06BA49B1A}.AppStore|iPhone.Deploy.0 = Debug|Any CPU
		{91CEDA6D-DB42-422C-AE38-D8A06BA49B1A}.AppStore|iPhoneSimulator.ActiveCfg = Debug|Any CPU
		{91CEDA6D-DB42-422C-AE38-D8A06BA49B1A}.AppStore|iPhoneSimulator.Build.0 = Debug|Any CPU
		{91CEDA6D-DB42-422C-AE38-D8A06BA49B1A}.AppStore|iPhoneSimulator.Deploy.0 = Debug|Any CPU
		{91CEDA6D-DB42-422C-AE38-D8A06BA49B1A}.Debug|Any CPU.ActiveCfg = Debug|Any CPU
		{91CEDA6D-DB42-422C-AE38-D8A06BA49B1A}.Debug|Any CPU.Build.0 = Debug|Any CPU
		{91CEDA6D-DB42-422C-AE38-D8A06BA49B1A}.Debug|Any CPU.Deploy.0 = Debug|Any CPU
		{91CEDA6D-DB42-422C-AE38-D8A06BA49B1A}.Debug|iPhone.ActiveCfg = Debug|Any CPU
		{91CEDA6D-DB42-422C-AE38-D8A06BA49B1A}.Debug|iPhone.Build.0 = Debug|Any CPU
		{91CEDA6D-DB42-422C-AE38-D8A06BA49B1A}.Debug|iPhone.Deploy.0 = Debug|Any CPU
		{91CEDA6D-DB42-422C-AE38-D8A06BA49B1A}.Debug|iPhoneSimulator.ActiveCfg = Debug|Any CPU
		{91CEDA6D-DB42-422C-AE38-D8A06BA49B1A}.Debug|iPhoneSimulator.Build.0 = Debug|Any CPU
		{91CEDA6D-DB42-422C-AE38-D8A06BA49B1A}.Debug|iPhoneSimulator.Deploy.0 = Debug|Any CPU
		{91CEDA6D-DB42-422C-AE38-D8A06BA49B1A}.Release|Any CPU.ActiveCfg = Release|Any CPU
		{91CEDA6D-DB42-422C-AE38-D8A06BA49B1A}.Release|Any CPU.Build.0 = Release|Any CPU
		{91CEDA6D-DB42-422C-AE38-D8A06BA49B1A}.Release|Any CPU.Deploy.0 = Release|Any CPU
		{91CEDA6D-DB42-422C-AE38-D8A06BA49B1A}.Release|iPhone.ActiveCfg = Release|Any CPU
		{91CEDA6D-DB42-422C-AE38-D8A06BA49B1A}.Release|iPhone.Build.0 = Release|Any CPU
		{91CEDA6D-DB42-422C-AE38-D8A06BA49B1A}.Release|iPhone.Deploy.0 = Release|Any CPU
		{91CEDA6D-DB42-422C-AE38-D8A06BA49B1A}.Release|iPhoneSimulator.ActiveCfg = Release|Any CPU
		{91CEDA6D-DB42-422C-AE38-D8A06BA49B1A}.Release|iPhoneSimulator.Build.0 = Release|Any CPU
		{91CEDA6D-DB42-422C-AE38-D8A06BA49B1A}.Release|iPhoneSimulator.Deploy.0 = Release|Any CPU
	EndGlobalSection
	GlobalSection(SolutionProperties) = preSolution
		HideSolutionNode = FALSE
	EndGlobalSection
	GlobalSection(ExtensibilityGlobals) = postSolution
		SolutionGuid = {63B0F026-1316-41F3-AF2C-210F9CA48DE3}
	EndGlobalSection
EndGlobal
